<?xml version="1.0" encoding="UTF-8"?>
<!DOCTYPE plist PUBLIC "-//Apple//DTD PLIST 1.0//EN" "http://www.apple.com/DTDs/PropertyList-1.0.dtd">
<plist version="1.0">
<dict>
	<key>archiveVersion</key>
	<string>1</string>
	<key>classes</key>
	<dict/>
	<key>objectVersion</key>
	<string>46</string>
	<key>objects</key>
	<dict>
		<key>167EDEEBC2654AF097D45C43</key>
		<dict>
			<key>fileRef</key>
			<string>61B2B2356AA84113814D1B58</string>
			<key>isa</key>
			<string>PBXBuildFile</string>
		</dict>
		<key>61B2B2356AA84113814D1B58</key>
		<dict>
			<key>explicitFileType</key>
			<string>archive.ar</string>
			<key>includeInIndex</key>
			<string>0</string>
			<key>isa</key>
			<string>PBXFileReference</string>
			<key>path</key>
			<string>libPods-GrouponAPITestAppTests.a</string>
			<key>sourceTree</key>
			<string>BUILT_PRODUCTS_DIR</string>
		</dict>
		<key>6EB6BC322E444CB98D27DEE1</key>
		<dict>
			<key>buildActionMask</key>
			<string>2147483647</string>
			<key>files</key>
			<array/>
			<key>inputPaths</key>
			<array/>
			<key>isa</key>
			<string>PBXShellScriptBuildPhase</string>
			<key>name</key>
			<string>Check Pods Manifest.lock</string>
			<key>outputPaths</key>
			<array/>
			<key>runOnlyForDeploymentPostprocessing</key>
			<string>0</string>
			<key>shellPath</key>
			<string>/bin/sh</string>
			<key>shellScript</key>
			<string>diff "${PODS_ROOT}/../Podfile.lock" "${PODS_ROOT}/Manifest.lock" &gt; /dev/null
if [[ $? != 0 ]] ; then
    cat &lt;&lt; EOM
error: The sandbox is not in sync with the Podfile.lock. Run 'pod install' or update your CocoaPods installation.
EOM
    exit 1
fi
</string>
			<key>showEnvVarsInLog</key>
			<string>0</string>
		</dict>
		<key>D830CCCB9B66406A980BF627</key>
		<dict>
			<key>buildActionMask</key>
			<string>2147483647</string>
			<key>files</key>
			<array/>
			<key>inputPaths</key>
			<array/>
			<key>isa</key>
			<string>PBXShellScriptBuildPhase</string>
			<key>name</key>
			<string>Copy Pods Resources</string>
			<key>outputPaths</key>
			<array/>
			<key>runOnlyForDeploymentPostprocessing</key>
			<string>0</string>
			<key>shellPath</key>
			<string>/bin/sh</string>
			<key>shellScript</key>
			<string>"${SRCROOT}/Pods/Pods-GrouponAPITestAppTests-resources.sh"
</string>
			<key>showEnvVarsInLog</key>
			<string>0</string>
		</dict>
		<key>F6FB20E386B84770975EEFBB</key>
		<dict>
			<key>includeInIndex</key>
			<string>1</string>
			<key>isa</key>
			<string>PBXFileReference</string>
			<key>lastKnownFileType</key>
			<string>text.xcconfig</string>
			<key>name</key>
			<string>Pods-GrouponAPITestAppTests.xcconfig</string>
			<key>path</key>
			<string>Pods/Pods-GrouponAPITestAppTests.xcconfig</string>
			<key>sourceTree</key>
			<string>&lt;group&gt;</string>
		</dict>
		<key>FDF7041D182D686400E032A6</key>
		<dict>
			<key>children</key>
			<array>
				<string>FDF7042F182D686400E032A6</string>
				<string>FDF70454182D686400E032A6</string>
				<string>FDF70428182D686400E032A6</string>
				<string>FDF70427182D686400E032A6</string>
				<string>F6FB20E386B84770975EEFBB</string>
			</array>
			<key>isa</key>
			<string>PBXGroup</string>
			<key>sourceTree</key>
			<string>&lt;group&gt;</string>
		</dict>
		<key>FDF7041E182D686400E032A6</key>
		<dict>
			<key>attributes</key>
			<dict>
				<key>CLASSPREFIX</key>
				<string>GT</string>
				<key>LastUpgradeCheck</key>
				<string>0500</string>
				<key>ORGANIZATIONNAME</key>
				<string>erichyche</string>
				<key>TargetAttributes</key>
				<dict>
					<key>FDF7044C182D686400E032A6</key>
					<dict>
						<key>TestTargetID</key>
						<string>FDF70425182D686400E032A6</string>
					</dict>
				</dict>
			</dict>
			<key>buildConfigurationList</key>
			<string>FDF70421182D686400E032A6</string>
			<key>compatibilityVersion</key>
			<string>Xcode 3.2</string>
			<key>developmentRegion</key>
			<string>English</string>
			<key>hasScannedForEncodings</key>
			<string>0</string>
			<key>isa</key>
			<string>PBXProject</string>
			<key>knownRegions</key>
			<array>
				<string>en</string>
				<string>Base</string>
			</array>
			<key>mainGroup</key>
			<string>FDF7041D182D686400E032A6</string>
			<key>productRefGroup</key>
			<string>FDF70427182D686400E032A6</string>
			<key>projectDirPath</key>
			<string></string>
			<key>projectReferences</key>
			<array/>
			<key>projectRoot</key>
			<string></string>
			<key>targets</key>
			<array>
				<string>FDF70425182D686400E032A6</string>
				<string>FDF7044C182D686400E032A6</string>
			</array>
		</dict>
		<key>FDF70421182D686400E032A6</key>
		<dict>
			<key>buildConfigurations</key>
			<array>
				<string>FDF7045C182D686400E032A6</string>
				<string>FDF7045D182D686400E032A6</string>
			</array>
			<key>defaultConfigurationIsVisible</key>
			<string>0</string>
			<key>defaultConfigurationName</key>
			<string>Release</string>
			<key>isa</key>
			<string>XCConfigurationList</string>
		</dict>
		<key>FDF70422182D686400E032A6</key>
		<dict>
			<key>buildActionMask</key>
			<string>2147483647</string>
			<key>files</key>
			<array>
				<string>FDF70443182D686400E032A6</string>
				<string>FDF70446182D686400E032A6</string>
				<string>FDF70436182D686400E032A6</string>
				<string>FDF7043A182D686400E032A6</string>
			</array>
			<key>isa</key>
			<string>PBXSourcesBuildPhase</string>
			<key>runOnlyForDeploymentPostprocessing</key>
			<string>0</string>
		</dict>
		<key>FDF70423182D686400E032A6</key>
		<dict>
			<key>buildActionMask</key>
			<string>2147483647</string>
			<key>files</key>
			<array>
				<string>FDF7042C182D686400E032A6</string>
				<string>FDF7042E182D686400E032A6</string>
				<string>FDF7042A182D686400E032A6</string>
			</array>
			<key>isa</key>
			<string>PBXFrameworksBuildPhase</string>
			<key>runOnlyForDeploymentPostprocessing</key>
			<string>0</string>
		</dict>
		<key>FDF70424182D686400E032A6</key>
		<dict>
			<key>buildActionMask</key>
			<string>2147483647</string>
			<key>files</key>
			<array>
				<string>FDF70440182D686400E032A6</string>
				<string>FDF70448182D686400E032A6</string>
				<string>FDF7043D182D686400E032A6</string>
				<string>FDF70434182D686400E032A6</string>
			</array>
			<key>isa</key>
			<string>PBXResourcesBuildPhase</string>
			<key>runOnlyForDeploymentPostprocessing</key>
			<string>0</string>
		</dict>
		<key>FDF70425182D686400E032A6</key>
		<dict>
			<key>buildConfigurationList</key>
			<string>FDF7045E182D686400E032A6</string>
			<key>buildPhases</key>
			<array>
				<string>FDF70422182D686400E032A6</string>
				<string>FDF70423182D686400E032A6</string>
				<string>FDF70424182D686400E032A6</string>
			</array>
			<key>buildRules</key>
			<array/>
			<key>dependencies</key>
			<array/>
			<key>isa</key>
			<string>PBXNativeTarget</string>
			<key>name</key>
			<string>GrouponAPITestApp</string>
			<key>productName</key>
			<string>GrouponAPITestApp</string>
			<key>productReference</key>
			<string>FDF70426182D686400E032A6</string>
			<key>productType</key>
			<string>com.apple.product-type.application</string>
		</dict>
		<key>FDF70426182D686400E032A6</key>
		<dict>
			<key>explicitFileType</key>
			<string>wrapper.application</string>
			<key>includeInIndex</key>
			<string>0</string>
			<key>isa</key>
			<string>PBXFileReference</string>
			<key>path</key>
			<string>GrouponAPITestApp.app</string>
			<key>sourceTree</key>
			<string>BUILT_PRODUCTS_DIR</string>
		</dict>
		<key>FDF70427182D686400E032A6</key>
		<dict>
			<key>children</key>
			<array>
				<string>FDF70426182D686400E032A6</string>
				<string>FDF7044D182D686400E032A6</string>
			</array>
			<key>isa</key>
			<string>PBXGroup</string>
			<key>name</key>
			<string>Products</string>
			<key>sourceTree</key>
			<string>&lt;group&gt;</string>
		</dict>
		<key>FDF70428182D686400E032A6</key>
		<dict>
			<key>children</key>
			<array>
				<string>FDF70429182D686400E032A6</string>
				<string>FDF7042B182D686400E032A6</string>
				<string>FDF7042D182D686400E032A6</string>
				<string>FDF7044E182D686400E032A6</string>
				<string>61B2B2356AA84113814D1B58</string>
			</array>
			<key>isa</key>
			<string>PBXGroup</string>
			<key>name</key>
			<string>Frameworks</string>
			<key>sourceTree</key>
			<string>&lt;group&gt;</string>
		</dict>
		<key>FDF70429182D686400E032A6</key>
		<dict>
			<key>isa</key>
			<string>PBXFileReference</string>
			<key>lastKnownFileType</key>
			<string>wrapper.framework</string>
			<key>name</key>
			<string>Foundation.framework</string>
			<key>path</key>
			<string>System/Library/Frameworks/Foundation.framework</string>
			<key>sourceTree</key>
			<string>SDKROOT</string>
		</dict>
		<key>FDF7042A182D686400E032A6</key>
		<dict>
			<key>fileRef</key>
			<string>FDF70429182D686400E032A6</string>
			<key>isa</key>
			<string>PBXBuildFile</string>
		</dict>
		<key>FDF7042B182D686400E032A6</key>
		<dict>
			<key>isa</key>
			<string>PBXFileReference</string>
			<key>lastKnownFileType</key>
			<string>wrapper.framework</string>
			<key>name</key>
			<string>CoreGraphics.framework</string>
			<key>path</key>
			<string>System/Library/Frameworks/CoreGraphics.framework</string>
			<key>sourceTree</key>
			<string>SDKROOT</string>
		</dict>
		<key>FDF7042C182D686400E032A6</key>
		<dict>
			<key>fileRef</key>
			<string>FDF7042B182D686400E032A6</string>
			<key>isa</key>
			<string>PBXBuildFile</string>
		</dict>
		<key>FDF7042D182D686400E032A6</key>
		<dict>
			<key>isa</key>
			<string>PBXFileReference</string>
			<key>lastKnownFileType</key>
			<string>wrapper.framework</string>
			<key>name</key>
			<string>UIKit.framework</string>
			<key>path</key>
			<string>System/Library/Frameworks/UIKit.framework</string>
			<key>sourceTree</key>
			<string>SDKROOT</string>
		</dict>
		<key>FDF7042E182D686400E032A6</key>
		<dict>
			<key>fileRef</key>
			<string>FDF7042D182D686400E032A6</string>
			<key>isa</key>
			<string>PBXBuildFile</string>
		</dict>
		<key>FDF7042F182D686400E032A6</key>
		<dict>
			<key>children</key>
			<array>
				<string>FDF70438182D686400E032A6</string>
				<string>FDF70439182D686400E032A6</string>
				<string>FDF7043B182D686400E032A6</string>
				<string>FDF7043E182D686400E032A6</string>
				<string>FDF70441182D686400E032A6</string>
				<string>FDF70442182D686400E032A6</string>
				<string>FDF70444182D686400E032A6</string>
				<string>FDF70445182D686400E032A6</string>
				<string>FDF70447182D686400E032A6</string>
				<string>FDF70430182D686400E032A6</string>
			</array>
			<key>isa</key>
			<string>PBXGroup</string>
			<key>path</key>
			<string>GrouponAPITestApp</string>
			<key>sourceTree</key>
			<string>&lt;group&gt;</string>
		</dict>
		<key>FDF70430182D686400E032A6</key>
		<dict>
			<key>children</key>
			<array>
				<string>FDF70431182D686400E032A6</string>
				<string>FDF70432182D686400E032A6</string>
				<string>FDF70435182D686400E032A6</string>
				<string>FDF70437182D686400E032A6</string>
			</array>
			<key>isa</key>
			<string>PBXGroup</string>
			<key>name</key>
			<string>Supporting Files</string>
			<key>sourceTree</key>
			<string>&lt;group&gt;</string>
		</dict>
		<key>FDF70431182D686400E032A6</key>
		<dict>
			<key>isa</key>
			<string>PBXFileReference</string>
			<key>lastKnownFileType</key>
			<string>text.plist.xml</string>
			<key>path</key>
			<string>GrouponAPITestApp-Info.plist</string>
			<key>sourceTree</key>
			<string>&lt;group&gt;</string>
		</dict>
		<key>FDF70432182D686400E032A6</key>
		<dict>
			<key>children</key>
			<array>
				<string>FDF70433182D686400E032A6</string>
			</array>
			<key>isa</key>
			<string>PBXVariantGroup</string>
			<key>name</key>
			<string>InfoPlist.strings</string>
			<key>sourceTree</key>
			<string>&lt;group&gt;</string>
		</dict>
		<key>FDF70433182D686400E032A6</key>
		<dict>
			<key>isa</key>
			<string>PBXFileReference</string>
			<key>lastKnownFileType</key>
			<string>text.plist.strings</string>
			<key>name</key>
			<string>en</string>
			<key>path</key>
			<string>en.lproj/InfoPlist.strings</string>
			<key>sourceTree</key>
			<string>&lt;group&gt;</string>
		</dict>
		<key>FDF70434182D686400E032A6</key>
		<dict>
			<key>fileRef</key>
			<string>FDF70432182D686400E032A6</string>
			<key>isa</key>
			<string>PBXBuildFile</string>
		</dict>
		<key>FDF70435182D686400E032A6</key>
		<dict>
			<key>isa</key>
			<string>PBXFileReference</string>
			<key>lastKnownFileType</key>
			<string>sourcecode.c.objc</string>
			<key>path</key>
			<string>main.m</string>
			<key>sourceTree</key>
			<string>&lt;group&gt;</string>
		</dict>
		<key>FDF70436182D686400E032A6</key>
		<dict>
			<key>fileRef</key>
			<string>FDF70435182D686400E032A6</string>
			<key>isa</key>
			<string>PBXBuildFile</string>
		</dict>
		<key>FDF70437182D686400E032A6</key>
		<dict>
			<key>isa</key>
			<string>PBXFileReference</string>
			<key>lastKnownFileType</key>
			<string>sourcecode.c.h</string>
			<key>path</key>
			<string>GrouponAPITestApp-Prefix.pch</string>
			<key>sourceTree</key>
			<string>&lt;group&gt;</string>
		</dict>
		<key>FDF70438182D686400E032A6</key>
		<dict>
			<key>isa</key>
			<string>PBXFileReference</string>
			<key>lastKnownFileType</key>
			<string>sourcecode.c.h</string>
			<key>path</key>
			<string>GTAppDelegate.h</string>
			<key>sourceTree</key>
			<string>&lt;group&gt;</string>
		</dict>
		<key>FDF70439182D686400E032A6</key>
		<dict>
			<key>isa</key>
			<string>PBXFileReference</string>
			<key>lastKnownFileType</key>
			<string>sourcecode.c.objc</string>
			<key>path</key>
			<string>GTAppDelegate.m</string>
			<key>sourceTree</key>
			<string>&lt;group&gt;</string>
		</dict>
		<key>FDF7043A182D686400E032A6</key>
		<dict>
			<key>fileRef</key>
			<string>FDF70439182D686400E032A6</string>
			<key>isa</key>
			<string>PBXBuildFile</string>
		</dict>
		<key>FDF7043B182D686400E032A6</key>
		<dict>
			<key>children</key>
			<array>
				<string>FDF7043C182D686400E032A6</string>
			</array>
			<key>isa</key>
			<string>PBXVariantGroup</string>
			<key>name</key>
			<string>Main_iPhone.storyboard</string>
			<key>sourceTree</key>
			<string>&lt;group&gt;</string>
		</dict>
		<key>FDF7043C182D686400E032A6</key>
		<dict>
			<key>isa</key>
			<string>PBXFileReference</string>
			<key>lastKnownFileType</key>
			<string>file.storyboard</string>
			<key>name</key>
			<string>Base</string>
			<key>path</key>
			<string>Base.lproj/Main_iPhone.storyboard</string>
			<key>sourceTree</key>
			<string>&lt;group&gt;</string>
		</dict>
		<key>FDF7043D182D686400E032A6</key>
		<dict>
			<key>fileRef</key>
			<string>FDF7043B182D686400E032A6</string>
			<key>isa</key>
			<string>PBXBuildFile</string>
		</dict>
		<key>FDF7043E182D686400E032A6</key>
		<dict>
			<key>children</key>
			<array>
				<string>FDF7043F182D686400E032A6</string>
			</array>
			<key>isa</key>
			<string>PBXVariantGroup</string>
			<key>name</key>
			<string>Main_iPad.storyboard</string>
			<key>sourceTree</key>
			<string>&lt;group&gt;</string>
		</dict>
		<key>FDF7043F182D686400E032A6</key>
		<dict>
			<key>isa</key>
			<string>PBXFileReference</string>
			<key>lastKnownFileType</key>
			<string>file.storyboard</string>
			<key>name</key>
			<string>Base</string>
			<key>path</key>
			<string>Base.lproj/Main_iPad.storyboard</string>
			<key>sourceTree</key>
			<string>&lt;group&gt;</string>
		</dict>
		<key>FDF70440182D686400E032A6</key>
		<dict>
			<key>fileRef</key>
			<string>FDF7043E182D686400E032A6</string>
			<key>isa</key>
			<string>PBXBuildFile</string>
		</dict>
		<key>FDF70441182D686400E032A6</key>
		<dict>
			<key>isa</key>
			<string>PBXFileReference</string>
			<key>lastKnownFileType</key>
			<string>sourcecode.c.h</string>
			<key>path</key>
			<string>GTFirstViewController.h</string>
			<key>sourceTree</key>
			<string>&lt;group&gt;</string>
		</dict>
		<key>FDF70442182D686400E032A6</key>
		<dict>
			<key>isa</key>
			<string>PBXFileReference</string>
			<key>lastKnownFileType</key>
			<string>sourcecode.c.objc</string>
			<key>path</key>
			<string>GTFirstViewController.m</string>
			<key>sourceTree</key>
			<string>&lt;group&gt;</string>
		</dict>
		<key>FDF70443182D686400E032A6</key>
		<dict>
			<key>fileRef</key>
			<string>FDF70442182D686400E032A6</string>
			<key>isa</key>
			<string>PBXBuildFile</string>
		</dict>
		<key>FDF70444182D686400E032A6</key>
		<dict>
			<key>isa</key>
			<string>PBXFileReference</string>
			<key>lastKnownFileType</key>
			<string>sourcecode.c.h</string>
			<key>path</key>
			<string>GTSecondViewController.h</string>
			<key>sourceTree</key>
			<string>&lt;group&gt;</string>
		</dict>
		<key>FDF70445182D686400E032A6</key>
		<dict>
			<key>isa</key>
			<string>PBXFileReference</string>
			<key>lastKnownFileType</key>
			<string>sourcecode.c.objc</string>
			<key>path</key>
			<string>GTSecondViewController.m</string>
			<key>sourceTree</key>
			<string>&lt;group&gt;</string>
		</dict>
		<key>FDF70446182D686400E032A6</key>
		<dict>
			<key>fileRef</key>
			<string>FDF70445182D686400E032A6</string>
			<key>isa</key>
			<string>PBXBuildFile</string>
		</dict>
		<key>FDF70447182D686400E032A6</key>
		<dict>
			<key>isa</key>
			<string>PBXFileReference</string>
			<key>lastKnownFileType</key>
			<string>folder.assetcatalog</string>
			<key>path</key>
			<string>Images.xcassets</string>
			<key>sourceTree</key>
			<string>&lt;group&gt;</string>
		</dict>
		<key>FDF70448182D686400E032A6</key>
		<dict>
			<key>fileRef</key>
			<string>FDF70447182D686400E032A6</string>
			<key>isa</key>
			<string>PBXBuildFile</string>
		</dict>
		<key>FDF70449182D686400E032A6</key>
		<dict>
			<key>buildActionMask</key>
			<string>2147483647</string>
			<key>files</key>
			<array>
				<string>FDF7045B182D686400E032A6</string>
			</array>
			<key>isa</key>
			<string>PBXSourcesBuildPhase</string>
			<key>runOnlyForDeploymentPostprocessing</key>
			<string>0</string>
		</dict>
		<key>FDF7044A182D686400E032A6</key>
		<dict>
			<key>buildActionMask</key>
			<string>2147483647</string>
			<key>files</key>
			<array>
				<string>FDF7044F182D686400E032A6</string>
				<string>FDF70451182D686400E032A6</string>
				<string>FDF70450182D686400E032A6</string>
				<string>167EDEEBC2654AF097D45C43</string>
			</array>
			<key>isa</key>
			<string>PBXFrameworksBuildPhase</string>
			<key>runOnlyForDeploymentPostprocessing</key>
			<string>0</string>
		</dict>
		<key>FDF7044B182D686400E032A6</key>
		<dict>
			<key>buildActionMask</key>
			<string>2147483647</string>
			<key>files</key>
			<array>
				<string>FDF70459182D686400E032A6</string>
			</array>
			<key>isa</key>
			<string>PBXResourcesBuildPhase</string>
			<key>runOnlyForDeploymentPostprocessing</key>
			<string>0</string>
		</dict>
		<key>FDF7044C182D686400E032A6</key>
		<dict>
			<key>buildConfigurationList</key>
			<string>FDF70461182D686400E032A6</string>
			<key>buildPhases</key>
			<array>
				<string>6EB6BC322E444CB98D27DEE1</string>
				<string>FDF70449182D686400E032A6</string>
				<string>FDF7044A182D686400E032A6</string>
				<string>FDF7044B182D686400E032A6</string>
				<string>D830CCCB9B66406A980BF627</string>
			</array>
			<key>buildRules</key>
			<array/>
			<key>dependencies</key>
			<array>
				<string>FDF70453182D686400E032A6</string>
			</array>
			<key>isa</key>
			<string>PBXNativeTarget</string>
			<key>name</key>
			<string>GrouponAPITestAppTests</string>
			<key>productName</key>
			<string>GrouponAPITestAppTests</string>
			<key>productReference</key>
			<string>FDF7044D182D686400E032A6</string>
			<key>productType</key>
			<string>com.apple.product-type.bundle.unit-test</string>
		</dict>
		<key>FDF7044D182D686400E032A6</key>
		<dict>
			<key>explicitFileType</key>
			<string>wrapper.cfbundle</string>
			<key>includeInIndex</key>
			<string>0</string>
			<key>isa</key>
			<string>PBXFileReference</string>
			<key>path</key>
			<string>GrouponAPITestAppTests.xctest</string>
			<key>sourceTree</key>
			<string>BUILT_PRODUCTS_DIR</string>
		</dict>
		<key>FDF7044E182D686400E032A6</key>
		<dict>
			<key>isa</key>
			<string>PBXFileReference</string>
			<key>lastKnownFileType</key>
			<string>wrapper.framework</string>
			<key>name</key>
			<string>XCTest.framework</string>
			<key>path</key>
			<string>Library/Frameworks/XCTest.framework</string>
			<key>sourceTree</key>
			<string>DEVELOPER_DIR</string>
		</dict>
		<key>FDF7044F182D686400E032A6</key>
		<dict>
			<key>fileRef</key>
			<string>FDF7044E182D686400E032A6</string>
			<key>isa</key>
			<string>PBXBuildFile</string>
		</dict>
		<key>FDF70450182D686400E032A6</key>
		<dict>
			<key>fileRef</key>
			<string>FDF70429182D686400E032A6</string>
			<key>isa</key>
			<string>PBXBuildFile</string>
		</dict>
		<key>FDF70451182D686400E032A6</key>
		<dict>
			<key>fileRef</key>
			<string>FDF7042D182D686400E032A6</string>
			<key>isa</key>
			<string>PBXBuildFile</string>
		</dict>
		<key>FDF70452182D686400E032A6</key>
		<dict>
			<key>containerPortal</key>
			<string>FDF7041E182D686400E032A6</string>
			<key>isa</key>
			<string>PBXContainerItemProxy</string>
			<key>proxyType</key>
			<string>1</string>
			<key>remoteGlobalIDString</key>
			<string>FDF70425182D686400E032A6</string>
			<key>remoteInfo</key>
			<string>GrouponAPITestApp</string>
		</dict>
		<key>FDF70453182D686400E032A6</key>
		<dict>
			<key>isa</key>
			<string>PBXTargetDependency</string>
			<key>target</key>
			<string>FDF70425182D686400E032A6</string>
			<key>targetProxy</key>
			<string>FDF70452182D686400E032A6</string>
		</dict>
		<key>FDF70454182D686400E032A6</key>
		<dict>
			<key>children</key>
			<array>
				<string>FDF7045A182D686400E032A6</string>
				<string>FDF70455182D686400E032A6</string>
			</array>
			<key>isa</key>
			<string>PBXGroup</string>
			<key>path</key>
			<string>GrouponAPITestAppTests</string>
			<key>sourceTree</key>
			<string>&lt;group&gt;</string>
		</dict>
		<key>FDF70455182D686400E032A6</key>
		<dict>
			<key>children</key>
			<array>
				<string>FDF70456182D686400E032A6</string>
				<string>FDF70457182D686400E032A6</string>
			</array>
			<key>isa</key>
			<string>PBXGroup</string>
			<key>name</key>
			<string>Supporting Files</string>
			<key>sourceTree</key>
			<string>&lt;group&gt;</string>
		</dict>
		<key>FDF70456182D686400E032A6</key>
		<dict>
			<key>isa</key>
			<string>PBXFileReference</string>
			<key>lastKnownFileType</key>
			<string>text.plist.xml</string>
			<key>path</key>
			<string>GrouponAPITestAppTests-Info.plist</string>
			<key>sourceTree</key>
			<string>&lt;group&gt;</string>
		</dict>
		<key>FDF70457182D686400E032A6</key>
		<dict>
			<key>children</key>
			<array>
				<string>FDF70458182D686400E032A6</string>
			</array>
			<key>isa</key>
			<string>PBXVariantGroup</string>
			<key>name</key>
			<string>InfoPlist.strings</string>
			<key>sourceTree</key>
			<string>&lt;group&gt;</string>
		</dict>
		<key>FDF70458182D686400E032A6</key>
		<dict>
			<key>isa</key>
			<string>PBXFileReference</string>
			<key>lastKnownFileType</key>
			<string>text.plist.strings</string>
			<key>name</key>
			<string>en</string>
			<key>path</key>
			<string>en.lproj/InfoPlist.strings</string>
			<key>sourceTree</key>
			<string>&lt;group&gt;</string>
		</dict>
		<key>FDF70459182D686400E032A6</key>
		<dict>
			<key>fileRef</key>
			<string>FDF70457182D686400E032A6</string>
			<key>isa</key>
			<string>PBXBuildFile</string>
		</dict>
		<key>FDF7045A182D686400E032A6</key>
		<dict>
			<key>isa</key>
			<string>PBXFileReference</string>
			<key>lastKnownFileType</key>
			<string>sourcecode.c.objc</string>
			<key>path</key>
			<string>GrouponAPITestAppTests.m</string>
			<key>sourceTree</key>
			<string>&lt;group&gt;</string>
		</dict>
		<key>FDF7045B182D686400E032A6</key>
		<dict>
			<key>fileRef</key>
			<string>FDF7045A182D686400E032A6</string>
			<key>isa</key>
			<string>PBXBuildFile</string>
		</dict>
		<key>FDF7045C182D686400E032A6</key>
		<dict>
			<key>buildSettings</key>
			<dict>
				<key>ALWAYS_SEARCH_USER_PATHS</key>
				<string>NO</string>
				<key>ARCHS</key>
				<string>$(ARCHS_STANDARD_INCLUDING_64_BIT)</string>
				<key>CLANG_CXX_LANGUAGE_STANDARD</key>
				<string>gnu++0x</string>
				<key>CLANG_CXX_LIBRARY</key>
				<string>libc++</string>
				<key>CLANG_ENABLE_MODULES</key>
				<string>YES</string>
				<key>CLANG_ENABLE_OBJC_ARC</key>
				<string>YES</string>
				<key>CLANG_WARN_BOOL_CONVERSION</key>
				<string>YES</string>
				<key>CLANG_WARN_CONSTANT_CONVERSION</key>
				<string>YES</string>
				<key>CLANG_WARN_DIRECT_OBJC_ISA_USAGE</key>
				<string>YES_ERROR</string>
				<key>CLANG_WARN_EMPTY_BODY</key>
				<string>YES</string>
				<key>CLANG_WARN_ENUM_CONVERSION</key>
				<string>YES</string>
				<key>CLANG_WARN_INT_CONVERSION</key>
				<string>YES</string>
				<key>CLANG_WARN_OBJC_ROOT_CLASS</key>
				<string>YES_ERROR</string>
				<key>CLANG_WARN__DUPLICATE_METHOD_MATCH</key>
				<string>YES</string>
				<key>CODE_SIGN_IDENTITY[sdk=iphoneos*]</key>
				<string>iPhone Developer</string>
				<key>COPY_PHASE_STRIP</key>
				<string>NO</string>
				<key>GCC_C_LANGUAGE_STANDARD</key>
				<string>gnu99</string>
				<key>GCC_DYNAMIC_NO_PIC</key>
				<string>NO</string>
				<key>GCC_OPTIMIZATION_LEVEL</key>
				<string>0</string>
				<key>GCC_PREPROCESSOR_DEFINITIONS</key>
				<array>
					<string>DEBUG=1</string>
					<string>$(inherited)</string>
				</array>
				<key>GCC_SYMBOLS_PRIVATE_EXTERN</key>
				<string>NO</string>
				<key>GCC_WARN_64_TO_32_BIT_CONVERSION</key>
				<string>YES</string>
				<key>GCC_WARN_ABOUT_RETURN_TYPE</key>
				<string>YES_ERROR</string>
				<key>GCC_WARN_UNDECLARED_SELECTOR</key>
				<string>YES</string>
				<key>GCC_WARN_UNINITIALIZED_AUTOS</key>
				<string>YES</string>
				<key>GCC_WARN_UNUSED_FUNCTION</key>
				<string>YES</string>
				<key>GCC_WARN_UNUSED_VARIABLE</key>
				<string>YES</string>
				<key>IPHONEOS_DEPLOYMENT_TARGET</key>
				<string>7.0</string>
				<key>ONLY_ACTIVE_ARCH</key>
				<string>YES</string>
				<key>SDKROOT</key>
				<string>iphoneos</string>
				<key>TARGETED_DEVICE_FAMILY</key>
				<string>1,2</string>
			</dict>
			<key>isa</key>
			<string>XCBuildConfiguration</string>
			<key>name</key>
			<string>Debug</string>
		</dict>
		<key>FDF7045D182D686400E032A6</key>
		<dict>
			<key>buildSettings</key>
			<dict>
				<key>ALWAYS_SEARCH_USER_PATHS</key>
				<string>NO</string>
				<key>ARCHS</key>
				<string>$(ARCHS_STANDARD_INCLUDING_64_BIT)</string>
				<key>CLANG_CXX_LANGUAGE_STANDARD</key>
				<string>gnu++0x</string>
				<key>CLANG_CXX_LIBRARY</key>
				<string>libc++</string>
				<key>CLANG_ENABLE_MODULES</key>
				<string>YES</string>
				<key>CLANG_ENABLE_OBJC_ARC</key>
				<string>YES</string>
				<key>CLANG_WARN_BOOL_CONVERSION</key>
				<string>YES</string>
				<key>CLANG_WARN_CONSTANT_CONVERSION</key>
				<string>YES</string>
				<key>CLANG_WARN_DIRECT_OBJC_ISA_USAGE</key>
				<string>YES_ERROR</string>
				<key>CLANG_WARN_EMPTY_BODY</key>
				<string>YES</string>
				<key>CLANG_WARN_ENUM_CONVERSION</key>
				<string>YES</string>
				<key>CLANG_WARN_INT_CONVERSION</key>
				<string>YES</string>
				<key>CLANG_WARN_OBJC_ROOT_CLASS</key>
				<string>YES_ERROR</string>
				<key>CLANG_WARN__DUPLICATE_METHOD_MATCH</key>
				<string>YES</string>
				<key>CODE_SIGN_IDENTITY[sdk=iphoneos*]</key>
				<string>iPhone Developer</string>
				<key>COPY_PHASE_STRIP</key>
				<string>YES</string>
				<key>ENABLE_NS_ASSERTIONS</key>
				<string>NO</string>
				<key>GCC_C_LANGUAGE_STANDARD</key>
				<string>gnu99</string>
				<key>GCC_WARN_64_TO_32_BIT_CONVERSION</key>
				<string>YES</string>
				<key>GCC_WARN_ABOUT_RETURN_TYPE</key>
				<string>YES_ERROR</string>
				<key>GCC_WARN_UNDECLARED_SELECTOR</key>
				<string>YES</string>
				<key>GCC_WARN_UNINITIALIZED_AUTOS</key>
				<string>YES</string>
				<key>GCC_WARN_UNUSED_FUNCTION</key>
				<string>YES</string>
				<key>GCC_WARN_UNUSED_VARIABLE</key>
				<string>YES</string>
				<key>IPHONEOS_DEPLOYMENT_TARGET</key>
				<string>7.0</string>
				<key>SDKROOT</key>
				<string>iphoneos</string>
				<key>TARGETED_DEVICE_FAMILY</key>
				<string>1,2</string>
				<key>VALIDATE_PRODUCT</key>
				<string>YES</string>
			</dict>
			<key>isa</key>
			<string>XCBuildConfiguration</string>
			<key>name</key>
			<string>Release</string>
		</dict>
		<key>FDF7045E182D686400E032A6</key>
		<dict>
			<key>buildConfigurations</key>
			<array>
				<string>FDF7045F182D686400E032A6</string>
				<string>FDF70460182D686400E032A6</string>
			</array>
			<key>defaultConfigurationIsVisible</key>
			<string>0</string>
			<key>isa</key>
			<string>XCConfigurationList</string>
		</dict>
		<key>FDF7045F182D686400E032A6</key>
		<dict>
			<key>buildSettings</key>
			<dict>
				<key>ASSETCATALOG_COMPILER_APPICON_NAME</key>
				<string>AppIcon</string>
				<key>ASSETCATALOG_COMPILER_LAUNCHIMAGE_NAME</key>
				<string>LaunchImage</string>
				<key>GCC_PRECOMPILE_PREFIX_HEADER</key>
				<string>YES</string>
				<key>GCC_PREFIX_HEADER</key>
				<string>GrouponAPITestApp/GrouponAPITestApp-Prefix.pch</string>
				<key>INFOPLIST_FILE</key>
				<string>GrouponAPITestApp/GrouponAPITestApp-Info.plist</string>
				<key>PRODUCT_NAME</key>
				<string>$(TARGET_NAME)</string>
				<key>WRAPPER_EXTENSION</key>
				<string>app</string>
			</dict>
			<key>isa</key>
			<string>XCBuildConfiguration</string>
			<key>name</key>
			<string>Debug</string>
		</dict>
		<key>FDF70460182D686400E032A6</key>
		<dict>
			<key>buildSettings</key>
			<dict>
				<key>ASSETCATALOG_COMPILER_APPICON_NAME</key>
				<string>AppIcon</string>
				<key>ASSETCATALOG_COMPILER_LAUNCHIMAGE_NAME</key>
				<string>LaunchImage</string>
				<key>GCC_PRECOMPILE_PREFIX_HEADER</key>
				<string>YES</string>
				<key>GCC_PREFIX_HEADER</key>
				<string>GrouponAPITestApp/GrouponAPITestApp-Prefix.pch</string>
				<key>INFOPLIST_FILE</key>
				<string>GrouponAPITestApp/GrouponAPITestApp-Info.plist</string>
				<key>PRODUCT_NAME</key>
				<string>$(TARGET_NAME)</string>
				<key>WRAPPER_EXTENSION</key>
				<string>app</string>
			</dict>
			<key>isa</key>
			<string>XCBuildConfiguration</string>
			<key>name</key>
			<string>Release</string>
		</dict>
		<key>FDF70461182D686400E032A6</key>
		<dict>
			<key>buildConfigurations</key>
			<array>
				<string>FDF70462182D686400E032A6</string>
				<string>FDF70463182D686400E032A6</string>
			</array>
			<key>defaultConfigurationIsVisible</key>
			<string>0</string>
			<key>isa</key>
			<string>XCConfigurationList</string>
		</dict>
		<key>FDF70462182D686400E032A6</key>
		<dict>
			<key>baseConfigurationReference</key>
			<string>F6FB20E386B84770975EEFBB</string>
			<key>buildSettings</key>
			<dict>
				<key>ARCHS</key>
				<string>$(ARCHS_STANDARD_INCLUDING_64_BIT)</string>
				<key>BUNDLE_LOADER</key>
				<string>$(BUILT_PRODUCTS_DIR)/GrouponAPITestApp.app/GrouponAPITestApp</string>
				<key>FRAMEWORK_SEARCH_PATHS</key>
				<array>
					<string>$(SDKROOT)/Developer/Library/Frameworks</string>
					<string>$(inherited)</string>
					<string>$(DEVELOPER_FRAMEWORKS_DIR)</string>
				</array>
				<key>GCC_PRECOMPILE_PREFIX_HEADER</key>
				<string>YES</string>
				<key>GCC_PREFIX_HEADER</key>
				<string>GrouponAPITestApp/GrouponAPITestApp-Prefix.pch</string>
				<key>GCC_PREPROCESSOR_DEFINITIONS</key>
				<array>
					<string>DEBUG=1</string>
					<string>$(inherited)</string>
				</array>
				<key>INFOPLIST_FILE</key>
				<string>GrouponAPITestAppTests/GrouponAPITestAppTests-Info.plist</string>
				<key>PRODUCT_NAME</key>
				<string>$(TARGET_NAME)</string>
				<key>TEST_HOST</key>
				<string>$(BUNDLE_LOADER)</string>
				<key>WRAPPER_EXTENSION</key>
				<string>xctest</string>
			</dict>
			<key>isa</key>
			<string>XCBuildConfiguration</string>
			<key>name</key>
			<string>Debug</string>
		</dict>
		<key>FDF70463182D686400E032A6</key>
		<dict>
			<key>baseConfigurationReference</key>
			<string>F6FB20E386B84770975EEFBB</string>
			<key>buildSettings</key>
			<dict>
				<key>ARCHS</key>
				<string>$(ARCHS_STANDARD_INCLUDING_64_BIT)</string>
				<key>BUNDLE_LOADER</key>
				<string>$(BUILT_PRODUCTS_DIR)/GrouponAPITestApp.app/GrouponAPITestApp</string>
				<key>FRAMEWORK_SEARCH_PATHS</key>
				<array>
					<string>$(SDKROOT)/Developer/Library/Frameworks</string>
					<string>$(inherited)</string>
					<string>$(DEVELOPER_FRAMEWORKS_DIR)</string>
				</array>
				<key>GCC_PRECOMPILE_PREFIX_HEADER</key>
				<string>YES</string>
				<key>GCC_PREFIX_HEADER</key>
				<string>GrouponAPITestApp/GrouponAPITestApp-Prefix.pch</string>
				<key>INFOPLIST_FILE</key>
				<string>GrouponAPITestAppTests/GrouponAPITestAppTests-Info.plist</string>
				<key>PRODUCT_NAME</key>
				<string>$(TARGET_NAME)</string>
				<key>TEST_HOST</key>
				<string>$(BUNDLE_LOADER)</string>
				<key>WRAPPER_EXTENSION</key>
				<string>xctest</string>
			</dict>
			<key>isa</key>
			<string>XCBuildConfiguration</string>
			<key>name</key>
			<string>Release</string>
		</dict>
	</dict>
	<key>rootObject</key>
	<string>FDF7041E182D686400E032A6</string>
</dict>
</plist>
